
Microsoft Visual Studio Solution File, Format Version 12.00
# Visual Studio 15
VisualStudioVersion = 15.0.27703.2035
MinimumVisualStudioVersion = 10.0.40219.1
Project("{FAE04EC0-301F-11D3-BF4B-00C04F79EFBC}") = "AutofacDemo", "AutofacDemo\AutofacDemo.csproj", "{ABFB664A-D279-4BDA-A884-739DEC1AC0B3}"
EndProject
Project("{FAE04EC0-301F-11D3-BF4B-00C04F79EFBC}") = "Autofac.Mvc", "Autofac.Mvc\Autofac.Mvc.csproj", "{89E96D3E-6F5F-431C-921D-CE7FC0667B4C}"
EndProject
Project("{FAE04EC0-301F-11D3-BF4B-00C04F79EFBC}") = "Autofac.Mvc.ITest", "ITest\Autofac.Mvc.ITest.csproj", "{A7DE084B-37B6-4BB0-9909-010E3D90CF9F}"
EndProject
Project("{FAE04EC0-301F-11D3-BF4B-00C04F79EFBC}") = "Autofac.Mvc.Test", "Test\Autofac.Mvc.Test.csproj", "{0840D2A7-FAE3-4EB4-8749-BD8BAB38E047}"
EndProject
Project("{FAE04EC0-301F-11D3-BF4B-00C04F79EFBC}") = "Autofac.Mvc.Model", "Autofac.Mvc.Model\Autofac.Mvc.Model.csproj", "{77E96FDB-91D7-4EF3-B2AC-C1F09DEF0427}"
EndProject
Global
	GlobalSection(SolutionConfigurationPlatforms) = preSolution
		Debug|Any CPU = Debug|Any CPU
		Release|Any CPU = Release|Any CPU
	EndGlobalSection
	GlobalSection(ProjectConfigurationPlatforms) = postSolution
		{ABFB664A-D279-4BDA-A884-739DEC1AC0B3}.Debug|Any CPU.ActiveCfg = Debug|Any CPU
		{ABFB664A-D279-4BDA-A884-739DEC1AC0B3}.Debug|Any CPU.Build.0 = Debug|Any CPU
		{ABFB664A-D279-4BDA-A884-739DEC1AC0B3}.Release|Any CPU.ActiveCfg = Release|Any CPU
		{ABFB664A-D279-4BDA-A884-739DEC1AC0B3}.Release|Any CPU.Build.0 = Release|Any CPU
		{89E96D3E-6F5F-431C-921D-CE7FC0667B4C}.Debug|Any CPU.ActiveCfg = Debug|Any CPU
		{89E96D3E-6F5F-431C-921D-CE7FC0667B4C}.Debug|Any CPU.Build.0 = Debug|Any CPU
		{89E96D3E-6F5F-431C-921D-CE7FC0667B4C}.Release|Any CPU.ActiveCfg = Release|Any CPU
		{89E96D3E-6F5F-431C-921D-CE7FC0667B4C}.Release|Any CPU.Build.0 = Release|Any CPU
		{A7DE084B-37B6-4BB0-9909-010E3D90CF9F}.Debug|Any CPU.ActiveCfg = Debug|Any CPU
		{A7DE084B-37B6-4BB0-9909-010E3D90CF9F}.Debug|Any CPU.Build.0 = Debug|Any CPU
		{A7DE084B-37B6-4BB0-9909-010E3D90CF9F}.Release|Any CPU.ActiveCfg = Release|Any CPU
		{A7DE084B-37B6-4BB0-9909-010E3D90CF9F}.Release|Any CPU.Build.0 = Release|Any CPU
		{0840D2A7-FAE3-4EB4-8749-BD8BAB38E047}.Debug|Any CPU.ActiveCfg = Debug|Any CPU
		{0840D2A7-FAE3-4EB4-8749-BD8BAB38E047}.Debug|Any CPU.Build.0 = Debug|Any CPU
		{0840D2A7-FAE3-4EB4-8749-BD8BAB38E047}.Release|Any CPU.ActiveCfg = Release|Any CPU
		{0840D2A7-FAE3-4EB4-8749-BD8BAB38E047}.Release|Any CPU.Build.0 = Release|Any CPU
		{77E96FDB-91D7-4EF3-B2AC-C1F09DEF0427}.Debug|Any CPU.ActiveCfg = Debug|Any CPU
		{77E96FDB-91D7-4EF3-B2AC-C1F09DEF0427}.Debug|Any CPU.Build.0 = Debug|Any CPU
		{77E96FDB-91D7-4EF3-B2AC-C1F09DEF0427}.Release|Any CPU.ActiveCfg = Release|Any CPU
		{77E96FDB-91D7-4EF3-B2AC-C1F09DEF0427}.Release|Any CPU.Build.0 = Release|Any CPU
	EndGlobalSection
	GlobalSection(SolutionProperties) = preSolution
		HideSolutionNode = FALSE
	EndGlobalSection
	GlobalSection(ExtensibilityGlobals) = postSolution
		SolutionGuid = {21EBF804-DF17-48C9-A68A-FAFF7F16DACC}
	EndGlobalSection
EndGlobal
